# This file is automatically @generated by Cargo.
# It is not intended for manual editing.
[[package]]
name = "adler32"
version = "1.0.3"
source = "registry+https://github.com/rust-lang/crates.io-index"

[[package]]
name = "backtrace"
version = "0.3.34"
source = "registry+https://github.com/rust-lang/crates.io-index"
dependencies = [
 "backtrace-sys 0.1.31 (registry+https://github.com/rust-lang/crates.io-index)",
 "cfg-if 0.1.9 (registry+https://github.com/rust-lang/crates.io-index)",
 "libc 0.2.60 (registry+https://github.com/rust-lang/crates.io-index)",
 "rustc-demangle 0.1.15 (registry+https://github.com/rust-lang/crates.io-index)",
]

[[package]]
name = "backtrace-sys"
version = "0.1.31"
source = "registry+https://github.com/rust-lang/crates.io-index"
dependencies = [
 "cc 1.0.38 (registry+https://github.com/rust-lang/crates.io-index)",
 "libc 0.2.60 (registry+https://github.com/rust-lang/crates.io-index)",
]

[[package]]
name = "bzip2"
version = "0.3.3"
source = "registry+https://github.com/rust-lang/crates.io-index"
dependencies = [
 "bzip2-sys 0.1.7 (registry+https://github.com/rust-lang/crates.io-index)",
 "libc 0.2.60 (registry+https://github.com/rust-lang/crates.io-index)",
]

[[package]]
name = "bzip2-sys"
version = "0.1.7"
source = "registry+https://github.com/rust-lang/crates.io-index"
dependencies = [
 "cc 1.0.38 (registry+https://github.com/rust-lang/crates.io-index)",
 "libc 0.2.60 (registry+https://github.com/rust-lang/crates.io-index)",
]

[[package]]
name = "cc"
version = "1.0.38"
source = "registry+https://github.com/rust-lang/crates.io-index"

[[package]]
name = "cfg-if"
version = "0.1.9"
source = "registry+https://github.com/rust-lang/crates.io-index"

[[package]]
name = "clojurecli"
version = "0.1.0"
dependencies = [
 "exec 0.3.1 (registry+https://github.com/rust-lang/crates.io-index)",
 "md5 0.6.1 (registry+https://github.com/rust-lang/crates.io-index)",
 "which 2.0.1 (registry+https://github.com/rust-lang/crates.io-index)",
 "widestring 0.4.0 (registry+https://github.com/rust-lang/crates.io-index)",
 "winapi 0.3.7 (registry+https://github.com/rust-lang/crates.io-index)",
 "zip 0.5.2 (registry+https://github.com/rust-lang/crates.io-index)",
]

[[package]]
name = "crc32fast"
version = "1.2.0"
source = "registry+https://github.com/rust-lang/crates.io-index"
dependencies = [
 "cfg-if 0.1.9 (registry+https://github.com/rust-lang/crates.io-index)",
]

[[package]]
name = "errno"
version = "0.2.4"
source = "registry+https://github.com/rust-lang/crates.io-index"
dependencies = [
 "errno-dragonfly 0.1.1 (registry+https://github.com/rust-lang/crates.io-index)",
 "libc 0.2.60 (registry+https://github.com/rust-lang/crates.io-index)",
 "winapi 0.3.7 (registry+https://github.com/rust-lang/crates.io-index)",
]

[[package]]
name = "errno-dragonfly"
version = "0.1.1"
source = "registry+https://github.com/rust-lang/crates.io-index"
dependencies = [
 "gcc 0.3.55 (registry+https://github.com/rust-lang/crates.io-index)",
 "libc 0.2.60 (registry+https://github.com/rust-lang/crates.io-index)",
]

[[package]]
name = "exec"
version = "0.3.1"
source = "registry+https://github.com/rust-lang/crates.io-index"
dependencies = [
 "errno 0.2.4 (registry+https://github.com/rust-lang/crates.io-index)",
 "libc 0.2.60 (registry+https://github.com/rust-lang/crates.io-index)",
]

[[package]]
name = "failure"
version = "0.1.5"
source = "registry+https://github.com/rust-lang/crates.io-index"
dependencies = [
 "backtrace 0.3.34 (registry+https://github.com/rust-lang/crates.io-index)",
]

[[package]]
name = "gcc"
version = "0.3.55"
source = "registry+https://github.com/rust-lang/crates.io-index"

[[package]]
name = "libc"
version = "0.2.60"
source = "registry+https://github.com/rust-lang/crates.io-index"

[[package]]
name = "libflate"
version = "0.1.26"
source = "registry+https://github.com/rust-lang/crates.io-index"
dependencies = [
 "adler32 1.0.3 (registry+https://github.com/rust-lang/crates.io-index)",
 "crc32fast 1.2.0 (registry+https://github.com/rust-lang/crates.io-index)",
 "rle-decode-fast 1.0.1 (registry+https://github.com/rust-lang/crates.io-index)",
 "take_mut 0.2.2 (registry+https://github.com/rust-lang/crates.io-index)",
]

[[package]]
name = "md5"
version = "0.6.1"
source = "registry+https://github.com/rust-lang/crates.io-index"

[[package]]
name = "podio"
version = "0.1.6"
source = "registry+https://github.com/rust-lang/crates.io-index"

[[package]]
name = "redox_syscall"
version = "0.1.56"
source = "registry+https://github.com/rust-lang/crates.io-index"

[[package]]
name = "rle-decode-fast"
version = "1.0.1"
source = "registry+https://github.com/rust-lang/crates.io-index"

[[package]]
name = "rustc-demangle"
version = "0.1.15"
source = "registry+https://github.com/rust-lang/crates.io-index"

[[package]]
name = "take_mut"
version = "0.2.2"
source = "registry+https://github.com/rust-lang/crates.io-index"

[[package]]
name = "time"
version = "0.1.42"
source = "registry+https://github.com/rust-lang/crates.io-index"
dependencies = [
 "libc 0.2.60 (registry+https://github.com/rust-lang/crates.io-index)",
 "redox_syscall 0.1.56 (registry+https://github.com/rust-lang/crates.io-index)",
 "winapi 0.3.7 (registry+https://github.com/rust-lang/crates.io-index)",
]

[[package]]
name = "which"
version = "2.0.1"
source = "registry+https://github.com/rust-lang/crates.io-index"
dependencies = [
 "failure 0.1.5 (registry+https://github.com/rust-lang/crates.io-index)",
 "libc 0.2.60 (registry+https://github.com/rust-lang/crates.io-index)",
]

[[package]]
name = "widestring"
version = "0.4.0"
source = "registry+https://github.com/rust-lang/crates.io-index"

[[package]]
name = "winapi"
version = "0.3.7"
source = "registry+https://github.com/rust-lang/crates.io-index"
dependencies = [
 "winapi-i686-pc-windows-gnu 0.4.0 (registry+https://github.com/rust-lang/crates.io-index)",
 "winapi-x86_64-pc-windows-gnu 0.4.0 (registry+https://github.com/rust-lang/crates.io-index)",
]

[[package]]
name = "winapi-i686-pc-windows-gnu"
version = "0.4.0"
source = "registry+https://github.com/rust-lang/crates.io-index"

[[package]]
name = "winapi-x86_64-pc-windows-gnu"
version = "0.4.0"
source = "registry+https://github.com/rust-lang/crates.io-index"

[[package]]
name = "zip"
version = "0.5.2"
source = "registry+https://github.com/rust-lang/crates.io-index"
dependencies = [
 "bzip2 0.3.3 (registry+https://github.com/rust-lang/crates.io-index)",
 "crc32fast 1.2.0 (registry+https://github.com/rust-lang/crates.io-index)",
 "libflate 0.1.26 (registry+https://github.com/rust-lang/crates.io-index)",
 "podio 0.1.6 (registry+https://github.com/rust-lang/crates.io-index)",
 "time 0.1.42 (registry+https://github.com/rust-lang/crates.io-index)",
]

[metadata]
"checksum adler32 1.0.3 (registry+https://github.com/rust-lang/crates.io-index)" = "7e522997b529f05601e05166c07ed17789691f562762c7f3b987263d2dedee5c"
"checksum backtrace 0.3.34 (registry+https://github.com/rust-lang/crates.io-index)" = "b5164d292487f037ece34ec0de2fcede2faa162f085dd96d2385ab81b12765ba"
"checksum backtrace-sys 0.1.31 (registry+https://github.com/rust-lang/crates.io-index)" = "82a830b4ef2d1124a711c71d263c5abdc710ef8e907bd508c88be475cebc422b"
"checksum bzip2 0.3.3 (registry+https://github.com/rust-lang/crates.io-index)" = "42b7c3cbf0fa9c1b82308d57191728ca0256cb821220f4e2fd410a72ade26e3b"
"checksum bzip2-sys 0.1.7 (registry+https://github.com/rust-lang/crates.io-index)" = "6584aa36f5ad4c9247f5323b0a42f37802b37a836f0ad87084d7a33961abe25f"
"checksum cc 1.0.38 (registry+https://github.com/rust-lang/crates.io-index)" = "ce400c638d48ee0e9ab75aef7997609ec57367ccfe1463f21bf53c3eca67bf46"
"checksum cfg-if 0.1.9 (registry+https://github.com/rust-lang/crates.io-index)" = "b486ce3ccf7ffd79fdeb678eac06a9e6c09fc88d33836340becb8fffe87c5e33"
"checksum crc32fast 1.2.0 (registry+https://github.com/rust-lang/crates.io-index)" = "ba125de2af0df55319f41944744ad91c71113bf74a4646efff39afe1f6842db1"
"checksum errno 0.2.4 (registry+https://github.com/rust-lang/crates.io-index)" = "c2a071601ed01b988f896ab14b95e67335d1eeb50190932a1320f7fe3cadc84e"
"checksum errno-dragonfly 0.1.1 (registry+https://github.com/rust-lang/crates.io-index)" = "14ca354e36190500e1e1fb267c647932382b54053c50b14970856c0b00a35067"
"checksum exec 0.3.1 (registry+https://github.com/rust-lang/crates.io-index)" = "886b70328cba8871bfc025858e1de4be16b1d5088f2ba50b57816f4210672615"
"checksum failure 0.1.5 (registry+https://github.com/rust-lang/crates.io-index)" = "795bd83d3abeb9220f257e597aa0080a508b27533824adf336529648f6abf7e2"
"checksum gcc 0.3.55 (registry+https://github.com/rust-lang/crates.io-index)" = "8f5f3913fa0bfe7ee1fd8248b6b9f42a5af4b9d65ec2dd2c3c26132b950ecfc2"
"checksum libc 0.2.60 (registry+https://github.com/rust-lang/crates.io-index)" = "d44e80633f007889c7eff624b709ab43c92d708caad982295768a7b13ca3b5eb"
"checksum libflate 0.1.26 (registry+https://github.com/rust-lang/crates.io-index)" = "45c97cf62125b79dcac52d506acdc4799f21a198597806947fd5f40dc7b93412"
"checksum md5 0.6.1 (registry+https://github.com/rust-lang/crates.io-index)" = "7e6bcd6433cff03a4bfc3d9834d504467db1f1cf6d0ea765d37d330249ed629d"
"checksum podio 0.1.6 (registry+https://github.com/rust-lang/crates.io-index)" = "780fb4b6698bbf9cf2444ea5d22411cef2953f0824b98f33cf454ec5615645bd"
"checksum redox_syscall 0.1.56 (registry+https://github.com/rust-lang/crates.io-index)" = "2439c63f3f6139d1b57529d16bc3b8bb855230c8efcc5d3a896c8bea7c3b1e84"
"checksum rle-decode-fast 1.0.1 (registry+https://github.com/rust-lang/crates.io-index)" = "cabe4fa914dec5870285fa7f71f602645da47c486e68486d2b4ceb4a343e90ac"
"checksum rustc-demangle 0.1.15 (registry+https://github.com/rust-lang/crates.io-index)" = "a7f4dccf6f4891ebcc0c39f9b6eb1a83b9bf5d747cb439ec6fba4f3b977038af"
"checksum take_mut 0.2.2 (registry+https://github.com/rust-lang/crates.io-index)" = "f764005d11ee5f36500a149ace24e00e3da98b0158b3e2d53a7495660d3f4d60"
"checksum time 0.1.42 (registry+https://github.com/rust-lang/crates.io-index)" = "db8dcfca086c1143c9270ac42a2bbd8a7ee477b78ac8e45b19abfb0cbede4b6f"
"checksum which 2.0.1 (registry+https://github.com/rust-lang/crates.io-index)" = "b57acb10231b9493c8472b20cb57317d0679a49e0bdbee44b3b803a6473af164"
"checksum widestring 0.4.0 (registry+https://github.com/rust-lang/crates.io-index)" = "effc0e4ff8085673ea7b9b2e3c73f6bd4d118810c9009ed8f1e16bd96c331db6"
"checksum winapi 0.3.7 (registry+https://github.com/rust-lang/crates.io-index)" = "f10e386af2b13e47c89e7236a7a14a086791a2b88ebad6df9bf42040195cf770"
"checksum winapi-i686-pc-windows-gnu 0.4.0 (registry+https://github.com/rust-lang/crates.io-index)" = "ac3b87c63620426dd9b991e5ce0329eff545bccbbb34f3be09ff6fb6ab51b7b6"
"checksum winapi-x86_64-pc-windows-gnu 0.4.0 (registry+https://github.com/rust-lang/crates.io-index)" = "712e227841d057c1ee1cd2fb22fa7e5a5461ae8e48fa2ca79ec42cfc1931183f"
"checksum zip 0.5.2 (registry+https://github.com/rust-lang/crates.io-index)" = "c18fc320faf909036e46ac785ea827f72e485304877faf1a3a39538d3714dbc3"
